# THIS IS AN AUTOGENERATED FILE. DO NOT EDIT THIS FILE DIRECTLY.
# yarn lockfile v1


about-window@^1.8.0:
  version "1.8.0"
  resolved "https://registry.yarnpkg.com/about-window/-/about-window-1.8.0.tgz#3e183cfaef4342e1fea6c442f4e43f682e9da580"

is@~0.2.6:
  version "0.2.7"
  resolved "https://registry.yarnpkg.com/is/-/is-0.2.7.tgz#3b34a2c48f359972f35042849193ae7264b63562"

node.extend@1.0.8:
  version "1.0.8"
  resolved "https://registry.yarnpkg.com/node.extend/-/node.extend-1.0.8.tgz#bab04379f7383f4587990c9df07b6a7f65db772b"
  dependencies:
    is "~0.2.6"
    object-keys "~0.4.0"

node.flow@1.2.3:
  version "1.2.3"
  resolved "https://registry.yarnpkg.com/node.flow/-/node.flow-1.2.3.tgz#e1c44a82aeca8d78b458a77fb3dc642f2eba2649"
  dependencies:
    node.extend "1.0.8"

object-keys@~0.4.0:
  version "0.4.0"
  resolved "https://registry.yarnpkg.com/object-keys/-/object-keys-0.4.0.tgz#28a6aae7428dd2c3a92f3d95f21335dd204e0336"

rmdir@^1.2.0:
  version "1.2.0"
  resolved "https://registry.yarnpkg.com/rmdir/-/rmdir-1.2.0.tgz#4fe0357cb06168c258e73e968093dc4e8a0f3253"
  dependencies:
    node.flow "1.2.3"
